
Microsoft Visual Studio Solution File, Format Version 12.00
# Visual Studio 14
VisualStudioVersion = 14.0.25420.1
MinimumVisualStudioVersion = 10.0.40219.1
Project("{FAE04EC0-301F-11D3-BF4B-00C04F79EFBC}") = "erecruit.Maybe", "src\erecruit.Maybe.csproj", "{80AC1CB7-760F-44DA-A07A-8D4E2D3D69CF}"
EndProject
Project("{2150E333-8FDC-42A3-9474-1A3956D46DE8}") = "Build", "Build", "{CD73CDB7-FF95-4465-83BB-701F6457B588}"
	ProjectSection(SolutionItems) = preProject
		.editorconfig = .editorconfig
		.travis.yml = .travis.yml
		build.fsx = build.fsx
		build.ps1 = build.ps1
		build.sh = build.sh
		paket.dependencies = paket.dependencies
		paket.lock = paket.lock
	EndProjectSection
EndProject
Project("{2150E333-8FDC-42A3-9474-1A3956D46DE8}") = "Build", "Build", "{E37CA564-A9AC-4F7C-A112-0D9DB620B8F0}"
	ProjectSection(SolutionItems) = preProject
		build\PatchVersion.fsx = build\PatchVersion.fsx
		build\Publish.fsx = build\Publish.fsx
	EndProjectSection
EndProject
Project("{F2A71F9B-5D33-465A-A702-920D77279786}") = "erecruit.Maybe.Tests", "tests\erecruit.Maybe.Tests.fsproj", "{2739DC5D-1ED5-4C88-9A21-98FC9D0B1DAF}"
EndProject
Global
	GlobalSection(SolutionConfigurationPlatforms) = preSolution
		Debug|Any CPU = Debug|Any CPU
		Release|Any CPU = Release|Any CPU
	EndGlobalSection
	GlobalSection(ProjectConfigurationPlatforms) = postSolution
		{80AC1CB7-760F-44DA-A07A-8D4E2D3D69CF}.Debug|Any CPU.ActiveCfg = Debug|Any CPU
		{80AC1CB7-760F-44DA-A07A-8D4E2D3D69CF}.Debug|Any CPU.Build.0 = Debug|Any CPU
		{80AC1CB7-760F-44DA-A07A-8D4E2D3D69CF}.Release|Any CPU.ActiveCfg = Release|Any CPU
		{80AC1CB7-760F-44DA-A07A-8D4E2D3D69CF}.Release|Any CPU.Build.0 = Release|Any CPU
		{2739DC5D-1ED5-4C88-9A21-98FC9D0B1DAF}.Debug|Any CPU.ActiveCfg = Debug|Any CPU
		{2739DC5D-1ED5-4C88-9A21-98FC9D0B1DAF}.Debug|Any CPU.Build.0 = Debug|Any CPU
		{2739DC5D-1ED5-4C88-9A21-98FC9D0B1DAF}.Release|Any CPU.ActiveCfg = Release|Any CPU
		{2739DC5D-1ED5-4C88-9A21-98FC9D0B1DAF}.Release|Any CPU.Build.0 = Release|Any CPU
	EndGlobalSection
	GlobalSection(SolutionProperties) = preSolution
		HideSolutionNode = FALSE
	EndGlobalSection
	GlobalSection(NestedProjects) = preSolution
		{E37CA564-A9AC-4F7C-A112-0D9DB620B8F0} = {CD73CDB7-FF95-4465-83BB-701F6457B588}
	EndGlobalSection
EndGlobal
